// !$*UTF8*$!
{
	archiveVersion = 1;
	classes = {
	};
	objectVersion = 46;
	objects = {

/* Begin PBXBuildFile section */
		82D35D211DE6F8DA003C41D0 /* main.m in Sources */ = {isa = PBXBuildFile; fileRef = 82D35D201DE6F8DA003C41D0 /* main.m */; };
		82D35D241DE6F8DA003C41D0 /* AppDelegate.m in Sources */ = {isa = PBXBuildFile; fileRef = 82D35D231DE6F8DA003C41D0 /* AppDelegate.m */; };
		82D35D271DE6F8DA003C41D0 /* ViewController.m in Sources */ = {isa = PBXBuildFile; fileRef = 82D35D261DE6F8DA003C41D0 /* ViewController.m */; };
		82D35D2A1DE6F8DA003C41D0 /* Main.storyboard in Resources */ = {isa = PBXBuildFile; fileRef = 82D35D281DE6F8DA003C41D0 /* Main.storyboard */; };
		82D35D2C1DE6F8DA003C41D0 /* Assets.xcassets in Resources */ = {isa = PBXBuildFile; fileRef = 82D35D2B1DE6F8DA003C41D0 /* Assets.xcassets */; };
		82D35D2F1DE6F8DA003C41D0 /* LaunchScreen.storyboard in Resources */ = {isa = PBXBuildFile; fileRef = 82D35D2D1DE6F8DA003C41D0 /* LaunchScreen.storyboard */; };
		82D35D3A1DE6F8DA003C41D0 /* VideoPlayer_ijkplayerTests.m in Sources */ = {isa = PBXBuildFile; fileRef = 82D35D391DE6F8DA003C41D0 /* VideoPlayer_ijkplayerTests.m */; };
		82D35D451DE6F8DA003C41D0 /* VideoPlayer_ijkplayerUITests.m in Sources */ = {isa = PBXBuildFile; fileRef = 82D35D441DE6F8DA003C41D0 /* VideoPlayer_ijkplayerUITests.m */; };
/* End PBXBuildFile section */

/* Begin PBXContainerItemProxy section */
		82D35D361DE6F8DA003C41D0 /* PBXContainerItemProxy */ = {
			isa = PBXContainerItemProxy;
			containerPortal = 82D35D141DE6F8DA003C41D0 /* Project object */;
			proxyType = 1;
			remoteGlobalIDString = 82D35D1B1DE6F8DA003C41D0;
			remoteInfo = VideoPlayer_ijkplayer;
		};
		82D35D411DE6F8DA003C41D0 /* PBXContainerItemProxy */ = {
			isa = PBXContainerItemProxy;
			containerPortal = 82D35D141DE6F8DA003C41D0 /* Project object */;
			proxyType = 1;
			remoteGlobalIDString = 82D35D1B1DE6F8DA003C41D0;
			remoteInfo = VideoPlayer_ijkplayer;
		};
/* End PBXContainerItemProxy section */

/* Begin PBXFileReference section */
		82D35D1C1DE6F8DA003C41D0 /* VideoPlayer_ijkplayer.app */ = {isa = PBXFileReference; explicitFileType = wrapper.application; includeInIndex = 0; path = VideoPlayer_ijkplayer.app; sourceTree = BUILT_PRODUCTS_DIR; };
		82D35D201DE6F8DA003C41D0 /* main.m */ = {isa = PBXFileReference; lastKnownFileType = sourcecode.c.objc; path = main.m; sourceTree = "<group>"; };
		82D35D221DE6F8DA003C41D0 /* AppDelegate.h */ = {isa = PBXFileReference; lastKnownFileType = sourcecode.c.h; path = AppDelegate.h; sourceTree = "<group>"; };
		82D35D231DE6F8DA003C41D0 /* AppDelegate.m */ = {isa = PBXFileReference; lastKnownFileType = sourcecode.c.objc; path = AppDelegate.m; sourceTree = "<group>"; };
		82D35D251DE6F8DA003C41D0 /* ViewController.h */ = {isa = PBXFileReference; lastKnownFileType = sourcecode.c.h; path = ViewController.h; sourceTree = "<group>"; };
		82D35D261DE6F8DA003C41D0 /* ViewController.m */ = {isa = PBXFileReference; lastKnownFileType = sourcecode.c.objc; path = ViewController.m; sourceTree = "<group>"; };
		82D35D291DE6F8DA003C41D0 /* Base */ = {isa = PBXFileReference; lastKnownFileType = file.storyboard; name = Base; path = Base.lproj/Main.storyboard; sourceTree = "<group>"; };
		82D35D2B1DE6F8DA003C41D0 /* Assets.xcassets */ = {isa = PBXFileReference; lastKnownFileType = folder.assetcatalog; path = Assets.xcassets; sourceTree = "<group>"; };
		82D35D2E1DE6F8DA003C41D0 /* Base */ = {isa = PBXFileReference; lastKnownFileType = file.storyboard; name = Base; path = Base.lproj/LaunchScreen.storyboard; sourceTree = "<group>"; };
		82D35D301DE6F8DA003C41D0 /* Info.plist */ = {isa = PBXFileReference; lastKnownFileType = text.plist.xml; path = Info.plist; sourceTree = "<group>"; };
		82D35D351DE6F8DA003C41D0 /* VideoPlayer_ijkplayerTests.xctest */ = {isa = PBXFileReference; explicitFileType = wrapper.cfbundle; includeInIndex = 0; path = VideoPlayer_ijkplayerTests.xctest; sourceTree = BUILT_PRODUCTS_DIR; };
		82D35D391DE6F8DA003C41D0 /* VideoPlayer_ijkplayerTests.m */ = {isa = PBXFileReference; lastKnownFileType = sourcecode.c.objc; path = VideoPlayer_ijkplayerTests.m; sourceTree = "<group>"; };
		82D35D3B1DE6F8DA003C41D0 /* Info.plist */ = {isa = PBXFileReference; lastKnownFileType = text.plist.xml; path = Info.plist; sourceTree = "<group>"; };
		82D35D401DE6F8DA003C41D0 /* VideoPlayer_ijkplayerUITests.xctest */ = {isa = PBXFileReference; explicitFileType = wrapper.cfbundle; includeInIndex = 0; path = VideoPlayer_ijkplayerUITests.xctest; sourceTree = BUILT_PRODUCTS_DIR; };
		82D35D441DE6F8DA003C41D0 /* VideoPlayer_ijkplayerUITests.m */ = {isa = PBXFileReference; lastKnownFileType = sourcecode.c.objc; path = VideoPlayer_ijkplayerUITests.m; sourceTree = "<group>"; };
		82D35D461DE6F8DA003C41D0 /* Info.plist */ = {isa = PBXFileReference; lastKnownFileType = text.plist.xml; path = Info.plist; sourceTree = "<group>"; };
/* End PBXFileReference section */

/* Begin PBXFrameworksBuildPhase section */
		82D35D191DE6F8DA003C41D0 /* Frameworks */ = {
			isa = PBXFrameworksBuildPhase;
			buildActionMask = 2147483647;
			files = (
			);
			runOnlyForDeploymentPostprocessing = 0;
		};
		82D35D321DE6F8DA003C41D0 /* Frameworks */ = {
			isa = PBXFrameworksBuildPhase;
			buildActionMask = 2147483647;
			files = (
			);
			runOnlyForDeploymentPostprocessing = 0;
		};
		82D35D3D1DE6F8DA003C41D0 /* Frameworks */ = {
			isa = PBXFrameworksBuildPhase;
			buildActionMask = 2147483647;
			files = (
			);
			runOnlyForDeploymentPostprocessing = 0;
		};
/* End PBXFrameworksBuildPhase section */

/* Begin PBXGroup section */
		82D35D131DE6F8DA003C41D0 = {
			isa = PBXGroup;
			children = (
				82D35D1E1DE6F8DA003C41D0 /* VideoPlayer_ijkplayer */,
				82D35D381DE6F8DA003C41D0 /* VideoPlayer_ijkplayerTests */,
				82D35D431DE6F8DA003C41D0 /* VideoPlayer_ijkplayerUITests */,
				82D35D1D1DE6F8DA003C41D0 /* Products */,
			);
			sourceTree = "<group>";
		};
		82D35D1D1DE6F8DA003C41D0 /* Products */ = {
			isa = PBXGroup;
			children = (
				82D35D1C1DE6F8DA003C41D0 /* VideoPlayer_ijkplayer.app */,
				82D35D351DE6F8DA003C41D0 /* VideoPlayer_ijkplayerTests.xctest */,
				82D35D401DE6F8DA003C41D0 /* VideoPlayer_ijkplayerUITests.xctest */,
			);
			name = Products;
			sourceTree = "<group>";
		};
		82D35D1E1DE6F8DA003C41D0 /* VideoPlayer_ijkplayer */ = {
			isa = PBXGroup;
			children = (
				82D35D221DE6F8DA003C41D0 /* AppDelegate.h */,
				82D35D231DE6F8DA003C41D0 /* AppDelegate.m */,
				82D35D251DE6F8DA003C41D0 /* ViewController.h */,
				82D35D261DE6F8DA003C41D0 /* ViewController.m */,
				82D35D281DE6F8DA003C41D0 /* Main.storyboard */,
				82D35D2B1DE6F8DA003C41D0 /* Assets.xcassets */,
				82D35D2D1DE6F8DA003C41D0 /* LaunchScreen.storyboard */,
				82D35D301DE6F8DA003C41D0 /* Info.plist */,
				82D35D1F1DE6F8DA003C41D0 /* Supporting Files */,
			);
			path = VideoPlayer_ijkplayer;
			sourceTree = "<group>";
		};
		82D35D1F1DE6F8DA003C41D0 /* Supporting Files */ = {
			isa = PBXGroup;
			children = (
				82D35D201DE6F8DA003C41D0 /* main.m */,
			);
			name = "Supporting Files";
			sourceTree = "<group>";
		};
		82D35D381DE6F8DA003C41D0 /* VideoPlayer_ijkplayerTests */ = {
			isa = PBXGroup;
			children = (
				82D35D391DE6F8DA003C41D0 /* VideoPlayer_ijkplayerTests.m */,
				82D35D3B1DE6F8DA003C41D0 /* Info.plist */,
			);
			path = VideoPlayer_ijkplayerTests;
			sourceTree = "<group>";
		};
		82D35D431DE6F8DA003C41D0 /* VideoPlayer_ijkplayerUITests */ = {
			isa = PBXGroup;
			children = (
				82D35D441DE6F8DA003C41D0 /* VideoPlayer_ijkplayerUITests.m */,
				82D35D461DE6F8DA003C41D0 /* Info.plist */,
			);
			path = VideoPlayer_ijkplayerUITests;
			sourceTree = "<group>";
		};
/* End PBXGroup section */

/* Begin PBXNativeTarget section */
		82D35D1B1DE6F8DA003C41D0 /* VideoPlayer_ijkplayer */ = {
			isa = PBXNativeTarget;
			buildConfigurationList = 82D35D491DE6F8DA003C41D0 /* Build configuration list for PBXNativeTarget "VideoPlayer_ijkplayer" */;
			buildPhases = (
				82D35D181DE6F8DA003C41D0 /* Sources */,
				82D35D191DE6F8DA003C41D0 /* Frameworks */,
				82D35D1A1DE6F8DA003C41D0 /* Resources */,
			);
			buildRules = (
			);
			dependencies = (
			);
			name = VideoPlayer_ijkplayer;
			productName = VideoPlayer_ijkplayer;
			productReference = 82D35D1C1DE6F8DA003C41D0 /* VideoPlayer_ijkplayer.app */;
			productType = "com.apple.product-type.application";
		};
		82D35D341DE6F8DA003C41D0 /* VideoPlayer_ijkplayerTests */ = {
			isa = PBXNativeTarget;
			buildConfigurationList = 82D35D4C1DE6F8DA003C41D0 /* Build configuration list for PBXNativeTarget "VideoPlayer_ijkplayerTests" */;
			buildPhases = (
				82D35D311DE6F8DA003C41D0 /* Sources */,
				82D35D321DE6F8DA003C41D0 /* Frameworks */,
				82D35D331DE6F8DA003C41D0 /* Resources */,
			);
			buildRules = (
			);
			dependencies = (
				82D35D371DE6F8DA003C41D0 /* PBXTargetDependency */,
			);
			name = VideoPlayer_ijkplayerTests;
			productName = VideoPlayer_ijkplayerTests;
			productReference = 82D35D351DE6F8DA003C41D0 /* VideoPlayer_ijkplayerTests.xctest */;
			productType = "com.apple.product-type.bundle.unit-test";
		};
		82D35D3F1DE6F8DA003C41D0 /* VideoPlayer_ijkplayerUITests */ = {
			isa = PBXNativeTarget;
			buildConfigurationList = 82D35D4F1DE6F8DA003C41D0 /* Build configuration list for PBXNativeTarget "VideoPlayer_ijkplayerUITests" */;
			buildPhases = (
				82D35D3C1DE6F8DA003C41D0 /* Sources */,
				82D35D3D1DE6F8DA003C41D0 /* Frameworks */,
				82D35D3E1DE6F8DA003C41D0 /* Resources */,
			);
			buildRules = (
			);
			dependencies = (
				82D35D421DE6F8DA003C41D0 /* PBXTargetDependency */,
			);
			name = VideoPlayer_ijkplayerUITests;
			productName = VideoPlayer_ijkplayerUITests;
			productReference = 82D35D401DE6F8DA003C41D0 /* VideoPlayer_ijkplayerUITests.xctest */;
			productType = "com.apple.product-type.bundle.ui-testing";
		};
/* End PBXNativeTarget section */

/* Begin PBXProject section */
		82D35D141DE6F8DA003C41D0 /* Project object */ = {
			isa = PBXProject;
			attributes = {
				LastUpgradeCheck = 0730;
				ORGANIZATIONNAME = snow;
				TargetAttributes = {
					82D35D1B1DE6F8DA003C41D0 = {
						CreatedOnToolsVersion = 7.3;
					};
					82D35D341DE6F8DA003C41D0 = {
						CreatedOnToolsVersion = 7.3;
						TestTargetID = 82D35D1B1DE6F8DA003C41D0;
					};
					82D35D3F1DE6F8DA003C41D0 = {
						CreatedOnToolsVersion = 7.3;
						TestTargetID = 82D35D1B1DE6F8DA003C41D0;
					};
				};
			};
			buildConfigurationList = 82D35D171DE6F8DA003C41D0 /* Build configuration list for PBXProject "VideoPlayer_ijkplayer" */;
			compatibilityVersion = "Xcode 3.2";
			developmentRegion = English;
			hasScannedForEncodings = 0;
			knownRegions = (
				en,
				Base,
			);
			mainGroup = 82D35D131DE6F8DA003C41D0;
			productRefGroup = 82D35D1D1DE6F8DA003C41D0 /* Products */;
			projectDirPath = "";
			projectRoot = "";
			targets = (
				82D35D1B1DE6F8DA003C41D0 /* VideoPlayer_ijkplayer */,
				82D35D341DE6F8DA003C41D0 /* VideoPlayer_ijkplayerTests */,
				82D35D3F1DE6F8DA003C41D0 /* VideoPlayer_ijkplayerUITests */,
			);
		};
/* End PBXProject section */

/* Begin PBXResourcesBuildPhase section */
		82D35D1A1DE6F8DA003C41D0 /* Resources */ = {
			isa = PBXResourcesBuildPhase;
			buildActionMask = 2147483647;
			files = (
				82D35D2F1DE6F8DA003C41D0 /* LaunchScreen.storyboard in Resources */,
				82D35D2C1DE6F8DA003C41D0 /* Assets.xcassets in Resources */,
				82D35D2A1DE6F8DA003C41D0 /* Main.storyboard in Resources */,
			);
			runOnlyForDeploymentPostprocessing = 0;
		};
		82D35D331DE6F8DA003C41D0 /* Resources */ = {
			isa = PBXResourcesBuildPhase;
			buildActionMask = 2147483647;
			files = (
			);
			runOnlyForDeploymentPostprocessing = 0;
		};
		82D35D3E1DE6F8DA003C41D0 /* Resources */ = {
			isa = PBXResourcesBuildPhase;
			buildActionMask = 2147483647;
			files = (
			);
			runOnlyForDeploymentPostprocessing = 0;
		};
/* End PBXResourcesBuildPhase section */

/* Begin PBXSourcesBuildPhase section */
		82D35D181DE6F8DA003C41D0 /* Sources */ = {
			isa = PBXSourcesBuildPhase;
			buildActionMask = 2147483647;
			files = (
				82D35D271DE6F8DA003C41D0 /* ViewController.m in Sources */,
				82D35D241DE6F8DA003C41D0 /* AppDelegate.m in Sources */,
				82D35D211DE6F8DA003C41D0 /* main.m in Sources */,
			);
			runOnlyForDeploymentPostprocessing = 0;
		};
		82D35D311DE6F8DA003C41D0 /* Sources */ = {
			isa = PBXSourcesBuildPhase;
			buildActionMask = 2147483647;
			files = (
				82D35D3A1DE6F8DA003C41D0 /* VideoPlayer_ijkplayerTests.m in Sources */,
			);
			runOnlyForDeploymentPostprocessing = 0;
		};
		82D35D3C1DE6F8DA003C41D0 /* Sources */ = {
			isa = PBXSourcesBuildPhase;
			buildActionMask = 2147483647;
			files = (
				82D35D451DE6F8DA003C41D0 /* VideoPlayer_ijkplayerUITests.m in Sources */,
			);
			runOnlyForDeploymentPostprocessing = 0;
		};
/* End PBXSourcesBuildPhase section */

/* Begin PBXTargetDependency section */
		82D35D371DE6F8DA003C41D0 /* PBXTargetDependency */ = {
			isa = PBXTargetDependency;
			target = 82D35D1B1DE6F8DA003C41D0 /* VideoPlayer_ijkplayer */;
			targetProxy = 82D35D361DE6F8DA003C41D0 /* PBXContainerItemProxy */;
		};
		82D35D421DE6F8DA003C41D0 /* PBXTargetDependency */ = {
			isa = PBXTargetDependency;
			target = 82D35D1B1DE6F8DA003C41D0 /* VideoPlayer_ijkplayer */;
			targetProxy = 82D35D411DE6F8DA003C41D0 /* PBXContainerItemProxy */;
		};
/* End PBXTargetDependency section */

/* Begin PBXVariantGroup section */
		82D35D281DE6F8DA003C41D0 /* Main.storyboard */ = {
			isa = PBXVariantGroup;
			children = (
				82D35D291DE6F8DA003C41D0 /* Base */,
			);
			name = Main.storyboard;
			sourceTree = "<group>";
		};
		82D35D2D1DE6F8DA003C41D0 /* LaunchScreen.storyboard */ = {
			isa = PBXVariantGroup;
			children = (
				82D35D2E1DE6F8DA003C41D0 /* Base */,
			);
			name = LaunchScreen.storyboard;
			sourceTree = "<group>";
		};
/* End PBXVariantGroup section */

/* Begin XCBuildConfiguration section */
		82D35D471DE6F8DA003C41D0 /* Debug */ = {
			isa = XCBuildConfiguration;
			buildSettings = {
				ALWAYS_SEARCH_USER_PATHS = NO;
				CLANG_ANALYZER_NONNULL = YES;
				CLANG_CXX_LANGUAGE_STANDARD = "gnu++0x";
				CLANG_CXX_LIBRARY = "libc++";
				CLANG_ENABLE_MODULES = YES;
				CLANG_ENABLE_OBJC_ARC = YES;
				CLANG_WARN_BOOL_CONVERSION = YES;
				CLANG_WARN_CONSTANT_CONVERSION = YES;
				CLANG_WARN_DIRECT_OBJC_ISA_USAGE = YES_ERROR;
				CLANG_WARN_EMPTY_BODY = YES;
				CLANG_WARN_ENUM_CONVERSION = YES;
				CLANG_WARN_INT_CONVERSION = YES;
				CLANG_WARN_OBJC_ROOT_CLASS = YES_ERROR;
				CLANG_WARN_UNREACHABLE_CODE = YES;
				CLANG_WARN__DUPLICATE_METHOD_MATCH = YES;
				"CODE_SIGN_IDENTITY[sdk=iphoneos*]" = "iPhone Developer";
				COPY_PHASE_STRIP = NO;
				DEBUG_INFORMATION_FORMAT = dwarf;
				ENABLE_STRICT_OBJC_MSGSEND = YES;
				ENABLE_TESTABILITY = YES;
				GCC_C_LANGUAGE_STANDARD = gnu99;
				GCC_DYNAMIC_NO_PIC = NO;
				GCC_NO_COMMON_BLOCKS = YES;
				GCC_OPTIMIZATION_LEVEL = 0;
				GCC_PREPROCESSOR_DEFINITIONS = (
					"DEBUG=1",
					"$(inherited)",
				);
				GCC_WARN_64_TO_32_BIT_CONVERSION = YES;
				GCC_WARN_ABOUT_RETURN_TYPE = YES_ERROR;
				GCC_WARN_UNDECLARED_SELECTOR = YES;
				GCC_WARN_UNINITIALIZED_AUTOS = YES_AGGRESSIVE;
				GCC_WARN_UNUSED_FUNCTION = YES;
				GCC_WARN_UNUSED_VARIABLE = YES;
				IPHONEOS_DEPLOYMENT_TARGET = 9.3;
				MTL_ENABLE_DEBUG_INFO = YES;
				ONLY_ACTIVE_ARCH = YES;
				SDKROOT = iphoneos;
			};
			name = Debug;
		};
		82D35D481DE6F8DA003C41D0 /* Release */ = {
			isa = XCBuildConfiguration;
			buildSettings = {
				ALWAYS_SEARCH_USER_PATHS = NO;
				CLANG_ANALYZER_NONNULL = YES;
				CLANG_CXX_LANGUAGE_STANDARD = "gnu++0x";
				CLANG_CXX_LIBRARY = "libc++";
				CLANG_ENABLE_MODULES = YES;
				CLANG_ENABLE_OBJC_ARC = YES;
				CLANG_WARN_BOOL_CONVERSION = YES;
				CLANG_WARN_CONSTANT_CONVERSION = YES;
				CLANG_WARN_DIRECT_OBJC_ISA_USAGE = YES_ERROR;
				CLANG_WARN_EMPTY_BODY = YES;
				CLANG_WARN_ENUM_CONVERSION = YES;
				CLANG_WARN_INT_CONVERSION = YES;
				CLANG_WARN_OBJC_ROOT_CLASS = YES_ERROR;
				CLANG_WARN_UNREACHABLE_CODE = YES;
				CLANG_WARN__DUPLICATE_METHOD_MATCH = YES;
				"CODE_SIGN_IDENTITY[sdk=iphoneos*]" = "iPhone Developer";
				COPY_PHASE_STRIP = NO;
				DEBUG_INFORMATION_FORMAT = "dwarf-with-dsym";
				ENABLE_NS_ASSERTIONS = NO;
				ENABLE_STRICT_OBJC_MSGSEND = YES;
				GCC_C_LANGUAGE_STANDARD = gnu99;
				GCC_NO_COMMON_BLOCKS = YES;
				GCC_WARN_64_TO_32_BIT_CONVERSION = YES;
				GCC_WARN_ABOUT_RETURN_TYPE = YES_ERROR;
				GCC_WARN_UNDECLARED_SELECTOR = YES;
				GCC_WARN_UNINITIALIZED_AUTOS = YES_AGGRESSIVE;
				GCC_WARN_UNUSED_FUNCTION = YES;
				GCC_WARN_UNUSED_VARIABLE = YES;
				IPHONEOS_DEPLOYMENT_TARGET = 9.3;
				MTL_ENABLE_DEBUG_INFO = NO;
				SDKROOT = iphoneos;
				VALIDATE_PRODUCT = YES;
			};
			name = Release;
		};
		82D35D4A1DE6F8DA003C41D0 /* Debug */ = {
			isa = XCBuildConfiguration;
			buildSettings = {
				ASSETCATALOG_COMPILER_APPICON_NAME = AppIcon;
				INFOPLIST_FILE = VideoPlayer_ijkplayer/Info.plist;
				LD_RUNPATH_SEARCH_PATHS = "$(inherited) @executable_path/Frameworks";
				PRODUCT_BUNDLE_IDENTIFIER = "com.snow.VideoPlayer-ijkplayer";
				PRODUCT_NAME = "$(TARGET_NAME)";
			};
			name = Debug;
		};
		82D35D4B1DE6F8DA003C41D0 /* Release */ = {
			isa = XCBuildConfiguration;
			buildSettings = {
				ASSETCATALOG_COMPILER_APPICON_NAME = AppIcon;
				INFOPLIST_FILE = VideoPlayer_ijkplayer/Info.plist;
				LD_RUNPATH_SEARCH_PATHS = "$(inherited) @executable_path/Frameworks";
				PRODUCT_BUNDLE_IDENTIFIER = "com.snow.VideoPlayer-ijkplayer";
				PRODUCT_NAME = "$(TARGET_NAME)";
			};
			name = Release;
		};
		82D35D4D1DE6F8DA003C41D0 /* Debug */ = {
			isa = XCBuildConfiguration;
			buildSettings = {
				BUNDLE_LOADER = "$(TEST_HOST)";
				INFOPLIST_FILE = VideoPlayer_ijkplayerTests/Info.plist;
				LD_RUNPATH_SEARCH_PATHS = "$(inherited) @executable_path/Frameworks @loader_path/Frameworks";
				PRODUCT_BUNDLE_IDENTIFIER = "com.snow.VideoPlayer-ijkplayerTests";
				PRODUCT_NAME = "$(TARGET_NAME)";
				TEST_HOST = "$(BUILT_PRODUCTS_DIR)/VideoPlayer_ijkplayer.app/VideoPlayer_ijkplayer";
			};
			name = Debug;
		};
		82D35D4E1DE6F8DA003C41D0 /* Release */ = {
			isa = XCBuildConfiguration;
			buildSettings = {
				BUNDLE_LOADER = "$(TEST_HOST)";
				INFOPLIST_FILE = VideoPlayer_ijkplayerTests/Info.plist;
				LD_RUNPATH_SEARCH_PATHS = "$(inherited) @executable_path/Frameworks @loader_path/Frameworks";
				PRODUCT_BUNDLE_IDENTIFIER = "com.snow.VideoPlayer-ijkplayerTests";
				PRODUCT_NAME = "$(TARGET_NAME)";
				TEST_HOST = "$(BUILT_PRODUCTS_DIR)/VideoPlayer_ijkplayer.app/VideoPlayer_ijkplayer";
			};
			name = Release;
		};
		82D35D501DE6F8DA003C41D0 /* Debug */ = {
			isa = XCBuildConfiguration;
			buildSettings = {
				INFOPLIST_FILE = VideoPlayer_ijkplayerUITests/Info.plist;
				LD_RUNPATH_SEARCH_PATHS = "$(inherited) @executable_path/Frameworks @loader_path/Frameworks";
				PRODUCT_BUNDLE_IDENTIFIER = "com.snow.VideoPlayer-ijkplayerUITests";
				PRODUCT_NAME = "$(TARGET_NAME)";
				TEST_TARGET_NAME = VideoPlayer_ijkplayer;
			};
			name = Debug;
		};
		82D35D511DE6F8DA003C41D0 /* Release */ = {
			isa = XCBuildConfiguration;
			buildSettings = {
				INFOPLIST_FILE = VideoPlayer_ijkplayerUITests/Info.plist;
				LD_RUNPATH_SEARCH_PATHS = "$(inherited) @executable_path/Frameworks @loader_path/Frameworks";
				PRODUCT_BUNDLE_IDENTIFIER = "com.snow.VideoPlayer-ijkplayerUITests";
				PRODUCT_NAME = "$(TARGET_NAME)";
				TEST_TARGET_NAME = VideoPlayer_ijkplayer;
			};
			name = Release;
		};
/* End XCBuildConfiguration section */

/* Begin XCConfigurationList section */
		82D35D171DE6F8DA003C41D0 /* Build configuration list for PBXProject "VideoPlayer_ijkplayer" */ = {
			isa = XCConfigurationList;
			buildConfigurations = (
				82D35D471DE6F8DA003C41D0 /* Debug */,
				82D35D481DE6F8DA003C41D0 /* Release */,
			);
			defaultConfigurationIsVisible = 0;
			defaultConfigurationName = Release;
		};
		82D35D491DE6F8DA003C41D0 /* Build configuration list for PBXNativeTarget "VideoPlayer_ijkplayer" */ = {
			isa = XCConfigurationList;
			buildConfigurations = (
				82D35D4A1DE6F8DA003C41D0 /* Debug */,
				82D35D4B1DE6F8DA003C41D0 /* Release */,
			);
			defaultConfigurationIsVisible = 0;
		};
		82D35D4C1DE6F8DA003C41D0 /* Build configuration list for PBXNativeTarget "VideoPlayer_ijkplayerTests" */ = {
			isa = XCConfigurationList;
			buildConfigurations = (
				82D35D4D1DE6F8DA003C41D0 /* Debug */,
				82D35D4E1DE6F8DA003C41D0 /* Release */,
			);
			defaultConfigurationIsVisible = 0;
		};
		82D35D4F1DE6F8DA003C41D0 /* Build configuration list for PBXNativeTarget "VideoPlayer_ijkplayerUITests" */ = {
			isa = XCConfigurationList;
			buildConfigurations = (
				82D35D501DE6F8DA003C41D0 /* Debug */,
				82D35D511DE6F8DA003C41D0 /* Release */,
			);
			defaultConfigurationIsVisible = 0;
		};
/* End XCConfigurationList section */
	};
	rootObject = 82D35D141DE6F8DA003C41D0 /* Project object */;
}
