// !$*UTF8*$!
{
	archiveVersion = 1;
	classes = {
	};
	objectVersion = 46;
	objects = {

/* Begin PBXBuildFile section */
		82027E341DB8680F0008AD6D /* TestPatchAndThreadViewController.m in Sources */ = {isa = PBXBuildFile; fileRef = 82027E331DB8680F0008AD6D /* TestPatchAndThreadViewController.m */; };
		824343351DAA170300E841FD /* main.m in Sources */ = {isa = PBXBuildFile; fileRef = 824343341DAA170300E841FD /* main.m */; };
		824343381DAA170300E841FD /* AppDelegate.m in Sources */ = {isa = PBXBuildFile; fileRef = 824343371DAA170300E841FD /* AppDelegate.m */; };
		8243433B1DAA170300E841FD /* ViewController.m in Sources */ = {isa = PBXBuildFile; fileRef = 8243433A1DAA170300E841FD /* ViewController.m */; };
		8243433E1DAA170300E841FD /* Main.storyboard in Resources */ = {isa = PBXBuildFile; fileRef = 8243433C1DAA170300E841FD /* Main.storyboard */; };
		824343401DAA170300E841FD /* Assets.xcassets in Resources */ = {isa = PBXBuildFile; fileRef = 8243433F1DAA170300E841FD /* Assets.xcassets */; };
		824343431DAA170300E841FD /* LaunchScreen.storyboard in Resources */ = {isa = PBXBuildFile; fileRef = 824343411DAA170300E841FD /* LaunchScreen.storyboard */; };
		8243434E1DAA170300E841FD /* Muti_ThreadTests.m in Sources */ = {isa = PBXBuildFile; fileRef = 8243434D1DAA170300E841FD /* Muti_ThreadTests.m */; };
		824343591DAA170300E841FD /* Muti_ThreadUITests.m in Sources */ = {isa = PBXBuildFile; fileRef = 824343581DAA170300E841FD /* Muti_ThreadUITests.m */; };
		8246FF6D1DAA20DD0032EDC2 /* PthreadLoadViewController.m in Sources */ = {isa = PBXBuildFile; fileRef = 8246FF6C1DAA20DD0032EDC2 /* PthreadLoadViewController.m */; };
		8246FF711DAA26AB0032EDC2 /* NSThreadLoadViewController.m in Sources */ = {isa = PBXBuildFile; fileRef = 8246FF701DAA26AB0032EDC2 /* NSThreadLoadViewController.m */; };
		8246FF751DAA307D0032EDC2 /* NSOperationLoadviewController.m in Sources */ = {isa = PBXBuildFile; fileRef = 8246FF741DAA307D0032EDC2 /* NSOperationLoadviewController.m */; };
		8246FF781DAA382D0032EDC2 /* LoadImageOperation.m in Sources */ = {isa = PBXBuildFile; fileRef = 8246FF771DAA382D0032EDC2 /* LoadImageOperation.m */; };
		8246FF7C1DAA3DA10032EDC2 /* GCDLoadViewController.m in Sources */ = {isa = PBXBuildFile; fileRef = 8246FF7B1DAA3DA10032EDC2 /* GCDLoadViewController.m */; };
		8246FF801DAA40730032EDC2 /* UIView+Toast.m in Sources */ = {isa = PBXBuildFile; fileRef = 8246FF7F1DAA40730032EDC2 /* UIView+Toast.m */; };
/* End PBXBuildFile section */

/* Begin PBXContainerItemProxy section */
		8243434A1DAA170300E841FD /* PBXContainerItemProxy */ = {
			isa = PBXContainerItemProxy;
			containerPortal = 824343281DAA170300E841FD /* Project object */;
			proxyType = 1;
			remoteGlobalIDString = 8243432F1DAA170300E841FD;
			remoteInfo = "Muti-Thread";
		};
		824343551DAA170300E841FD /* PBXContainerItemProxy */ = {
			isa = PBXContainerItemProxy;
			containerPortal = 824343281DAA170300E841FD /* Project object */;
			proxyType = 1;
			remoteGlobalIDString = 8243432F1DAA170300E841FD;
			remoteInfo = "Muti-Thread";
		};
/* End PBXContainerItemProxy section */

/* Begin PBXFileReference section */
		82027E321DB8680F0008AD6D /* TestPatchAndThreadViewController.h */ = {isa = PBXFileReference; fileEncoding = 4; lastKnownFileType = sourcecode.c.h; path = TestPatchAndThreadViewController.h; sourceTree = "<group>"; };
		82027E331DB8680F0008AD6D /* TestPatchAndThreadViewController.m */ = {isa = PBXFileReference; fileEncoding = 4; lastKnownFileType = sourcecode.c.objc; path = TestPatchAndThreadViewController.m; sourceTree = "<group>"; };
		824343301DAA170300E841FD /* Muti-Thread.app */ = {isa = PBXFileReference; explicitFileType = wrapper.application; includeInIndex = 0; path = "Muti-Thread.app"; sourceTree = BUILT_PRODUCTS_DIR; };
		824343341DAA170300E841FD /* main.m */ = {isa = PBXFileReference; lastKnownFileType = sourcecode.c.objc; path = main.m; sourceTree = "<group>"; };
		824343361DAA170300E841FD /* AppDelegate.h */ = {isa = PBXFileReference; lastKnownFileType = sourcecode.c.h; path = AppDelegate.h; sourceTree = "<group>"; };
		824343371DAA170300E841FD /* AppDelegate.m */ = {isa = PBXFileReference; lastKnownFileType = sourcecode.c.objc; path = AppDelegate.m; sourceTree = "<group>"; };
		824343391DAA170300E841FD /* ViewController.h */ = {isa = PBXFileReference; lastKnownFileType = sourcecode.c.h; path = ViewController.h; sourceTree = "<group>"; };
		8243433A1DAA170300E841FD /* ViewController.m */ = {isa = PBXFileReference; lastKnownFileType = sourcecode.c.objc; path = ViewController.m; sourceTree = "<group>"; };
		8243433D1DAA170300E841FD /* Base */ = {isa = PBXFileReference; lastKnownFileType = file.storyboard; name = Base; path = Base.lproj/Main.storyboard; sourceTree = "<group>"; };
		8243433F1DAA170300E841FD /* Assets.xcassets */ = {isa = PBXFileReference; lastKnownFileType = folder.assetcatalog; path = Assets.xcassets; sourceTree = "<group>"; };
		824343421DAA170300E841FD /* Base */ = {isa = PBXFileReference; lastKnownFileType = file.storyboard; name = Base; path = Base.lproj/LaunchScreen.storyboard; sourceTree = "<group>"; };
		824343441DAA170300E841FD /* Info.plist */ = {isa = PBXFileReference; lastKnownFileType = text.plist.xml; path = Info.plist; sourceTree = "<group>"; };
		824343491DAA170300E841FD /* Muti-ThreadTests.xctest */ = {isa = PBXFileReference; explicitFileType = wrapper.cfbundle; includeInIndex = 0; path = "Muti-ThreadTests.xctest"; sourceTree = BUILT_PRODUCTS_DIR; };
		8243434D1DAA170300E841FD /* Muti_ThreadTests.m */ = {isa = PBXFileReference; lastKnownFileType = sourcecode.c.objc; path = Muti_ThreadTests.m; sourceTree = "<group>"; };
		8243434F1DAA170300E841FD /* Info.plist */ = {isa = PBXFileReference; lastKnownFileType = text.plist.xml; path = Info.plist; sourceTree = "<group>"; };
		824343541DAA170300E841FD /* Muti-ThreadUITests.xctest */ = {isa = PBXFileReference; explicitFileType = wrapper.cfbundle; includeInIndex = 0; path = "Muti-ThreadUITests.xctest"; sourceTree = BUILT_PRODUCTS_DIR; };
		824343581DAA170300E841FD /* Muti_ThreadUITests.m */ = {isa = PBXFileReference; lastKnownFileType = sourcecode.c.objc; path = Muti_ThreadUITests.m; sourceTree = "<group>"; };
		8243435A1DAA170300E841FD /* Info.plist */ = {isa = PBXFileReference; lastKnownFileType = text.plist.xml; path = Info.plist; sourceTree = "<group>"; };
		8246FF6B1DAA20DD0032EDC2 /* PthreadLoadViewController.h */ = {isa = PBXFileReference; fileEncoding = 4; lastKnownFileType = sourcecode.c.h; path = PthreadLoadViewController.h; sourceTree = "<group>"; };
		8246FF6C1DAA20DD0032EDC2 /* PthreadLoadViewController.m */ = {isa = PBXFileReference; fileEncoding = 4; lastKnownFileType = sourcecode.c.objc; path = PthreadLoadViewController.m; sourceTree = "<group>"; };
		8246FF6F1DAA26AB0032EDC2 /* NSThreadLoadViewController.h */ = {isa = PBXFileReference; fileEncoding = 4; lastKnownFileType = sourcecode.c.h; path = NSThreadLoadViewController.h; sourceTree = "<group>"; };
		8246FF701DAA26AB0032EDC2 /* NSThreadLoadViewController.m */ = {isa = PBXFileReference; fileEncoding = 4; lastKnownFileType = sourcecode.c.objc; path = NSThreadLoadViewController.m; sourceTree = "<group>"; };
		8246FF731DAA307D0032EDC2 /* NSOperationLoadviewController.h */ = {isa = PBXFileReference; fileEncoding = 4; lastKnownFileType = sourcecode.c.h; path = NSOperationLoadviewController.h; sourceTree = "<group>"; };
		8246FF741DAA307D0032EDC2 /* NSOperationLoadviewController.m */ = {isa = PBXFileReference; fileEncoding = 4; lastKnownFileType = sourcecode.c.objc; path = NSOperationLoadviewController.m; sourceTree = "<group>"; };
		8246FF761DAA382D0032EDC2 /* LoadImageOperation.h */ = {isa = PBXFileReference; fileEncoding = 4; lastKnownFileType = sourcecode.c.h; path = LoadImageOperation.h; sourceTree = "<group>"; };
		8246FF771DAA382D0032EDC2 /* LoadImageOperation.m */ = {isa = PBXFileReference; fileEncoding = 4; lastKnownFileType = sourcecode.c.objc; path = LoadImageOperation.m; sourceTree = "<group>"; };
		8246FF7A1DAA3DA10032EDC2 /* GCDLoadViewController.h */ = {isa = PBXFileReference; fileEncoding = 4; lastKnownFileType = sourcecode.c.h; path = GCDLoadViewController.h; sourceTree = "<group>"; };
		8246FF7B1DAA3DA10032EDC2 /* GCDLoadViewController.m */ = {isa = PBXFileReference; fileEncoding = 4; lastKnownFileType = sourcecode.c.objc; path = GCDLoadViewController.m; sourceTree = "<group>"; };
		8246FF7E1DAA40730032EDC2 /* UIView+Toast.h */ = {isa = PBXFileReference; fileEncoding = 4; lastKnownFileType = sourcecode.c.h; path = "UIView+Toast.h"; sourceTree = "<group>"; };
		8246FF7F1DAA40730032EDC2 /* UIView+Toast.m */ = {isa = PBXFileReference; fileEncoding = 4; lastKnownFileType = sourcecode.c.objc; path = "UIView+Toast.m"; sourceTree = "<group>"; };
/* End PBXFileReference section */

/* Begin PBXFrameworksBuildPhase section */
		8243432D1DAA170300E841FD /* Frameworks */ = {
			isa = PBXFrameworksBuildPhase;
			buildActionMask = 2147483647;
			files = (
			);
			runOnlyForDeploymentPostprocessing = 0;
		};
		824343461DAA170300E841FD /* Frameworks */ = {
			isa = PBXFrameworksBuildPhase;
			buildActionMask = 2147483647;
			files = (
			);
			runOnlyForDeploymentPostprocessing = 0;
		};
		824343511DAA170300E841FD /* Frameworks */ = {
			isa = PBXFrameworksBuildPhase;
			buildActionMask = 2147483647;
			files = (
			);
			runOnlyForDeploymentPostprocessing = 0;
		};
/* End PBXFrameworksBuildPhase section */

/* Begin PBXGroup section */
		82027E311DB867CB0008AD6D /* TestPatchAndThread */ = {
			isa = PBXGroup;
			children = (
				82027E321DB8680F0008AD6D /* TestPatchAndThreadViewController.h */,
				82027E331DB8680F0008AD6D /* TestPatchAndThreadViewController.m */,
			);
			name = TestPatchAndThread;
			sourceTree = "<group>";
		};
		824343271DAA170300E841FD = {
			isa = PBXGroup;
			children = (
				824343321DAA170300E841FD /* Muti-Thread */,
				8243434C1DAA170300E841FD /* Muti-ThreadTests */,
				824343571DAA170300E841FD /* Muti-ThreadUITests */,
				824343311DAA170300E841FD /* Products */,
			);
			sourceTree = "<group>";
		};
		824343311DAA170300E841FD /* Products */ = {
			isa = PBXGroup;
			children = (
				824343301DAA170300E841FD /* Muti-Thread.app */,
				824343491DAA170300E841FD /* Muti-ThreadTests.xctest */,
				824343541DAA170300E841FD /* Muti-ThreadUITests.xctest */,
			);
			name = Products;
			sourceTree = "<group>";
		};
		824343321DAA170300E841FD /* Muti-Thread */ = {
			isa = PBXGroup;
			children = (
				824343361DAA170300E841FD /* AppDelegate.h */,
				824343371DAA170300E841FD /* AppDelegate.m */,
				824343391DAA170300E841FD /* ViewController.h */,
				8243433A1DAA170300E841FD /* ViewController.m */,
				82027E311DB867CB0008AD6D /* TestPatchAndThread */,
				8246FF791DAA3D6E0032EDC2 /* GCD Load */,
				8246FF7D1DAA40730032EDC2 /* Toast */,
				8246FF721DAA304B0032EDC2 /* NSOperation */,
				8246FF6E1DAA267E0032EDC2 /* NSTread Load */,
				8246FF6A1DAA20B40032EDC2 /* Pthread */,
				8243433C1DAA170300E841FD /* Main.storyboard */,
				8243433F1DAA170300E841FD /* Assets.xcassets */,
				824343411DAA170300E841FD /* LaunchScreen.storyboard */,
				824343441DAA170300E841FD /* Info.plist */,
				824343331DAA170300E841FD /* Supporting Files */,
			);
			path = "Muti-Thread";
			sourceTree = "<group>";
		};
		824343331DAA170300E841FD /* Supporting Files */ = {
			isa = PBXGroup;
			children = (
				824343341DAA170300E841FD /* main.m */,
			);
			name = "Supporting Files";
			sourceTree = "<group>";
		};
		8243434C1DAA170300E841FD /* Muti-ThreadTests */ = {
			isa = PBXGroup;
			children = (
				8243434D1DAA170300E841FD /* Muti_ThreadTests.m */,
				8243434F1DAA170300E841FD /* Info.plist */,
			);
			path = "Muti-ThreadTests";
			sourceTree = "<group>";
		};
		824343571DAA170300E841FD /* Muti-ThreadUITests */ = {
			isa = PBXGroup;
			children = (
				824343581DAA170300E841FD /* Muti_ThreadUITests.m */,
				8243435A1DAA170300E841FD /* Info.plist */,
			);
			path = "Muti-ThreadUITests";
			sourceTree = "<group>";
		};
		8246FF6A1DAA20B40032EDC2 /* Pthread */ = {
			isa = PBXGroup;
			children = (
				8246FF6B1DAA20DD0032EDC2 /* PthreadLoadViewController.h */,
				8246FF6C1DAA20DD0032EDC2 /* PthreadLoadViewController.m */,
			);
			name = Pthread;
			sourceTree = "<group>";
		};
		8246FF6E1DAA267E0032EDC2 /* NSTread Load */ = {
			isa = PBXGroup;
			children = (
				8246FF6F1DAA26AB0032EDC2 /* NSThreadLoadViewController.h */,
				8246FF701DAA26AB0032EDC2 /* NSThreadLoadViewController.m */,
			);
			name = "NSTread Load";
			sourceTree = "<group>";
		};
		8246FF721DAA304B0032EDC2 /* NSOperation */ = {
			isa = PBXGroup;
			children = (
				8246FF731DAA307D0032EDC2 /* NSOperationLoadviewController.h */,
				8246FF741DAA307D0032EDC2 /* NSOperationLoadviewController.m */,
				8246FF761DAA382D0032EDC2 /* LoadImageOperation.h */,
				8246FF771DAA382D0032EDC2 /* LoadImageOperation.m */,
			);
			name = NSOperation;
			sourceTree = "<group>";
		};
		8246FF791DAA3D6E0032EDC2 /* GCD Load */ = {
			isa = PBXGroup;
			children = (
				8246FF7A1DAA3DA10032EDC2 /* GCDLoadViewController.h */,
				8246FF7B1DAA3DA10032EDC2 /* GCDLoadViewController.m */,
			);
			name = "GCD Load";
			sourceTree = "<group>";
		};
		8246FF7D1DAA40730032EDC2 /* Toast */ = {
			isa = PBXGroup;
			children = (
				8246FF7E1DAA40730032EDC2 /* UIView+Toast.h */,
				8246FF7F1DAA40730032EDC2 /* UIView+Toast.m */,
			);
			path = Toast;
			sourceTree = "<group>";
		};
/* End PBXGroup section */

/* Begin PBXNativeTarget section */
		8243432F1DAA170300E841FD /* Muti-Thread */ = {
			isa = PBXNativeTarget;
			buildConfigurationList = 8243435D1DAA170300E841FD /* Build configuration list for PBXNativeTarget "Muti-Thread" */;
			buildPhases = (
				8243432C1DAA170300E841FD /* Sources */,
				8243432D1DAA170300E841FD /* Frameworks */,
				8243432E1DAA170300E841FD /* Resources */,
			);
			buildRules = (
			);
			dependencies = (
			);
			name = "Muti-Thread";
			productName = "Muti-Thread";
			productReference = 824343301DAA170300E841FD /* Muti-Thread.app */;
			productType = "com.apple.product-type.application";
		};
		824343481DAA170300E841FD /* Muti-ThreadTests */ = {
			isa = PBXNativeTarget;
			buildConfigurationList = 824343601DAA170300E841FD /* Build configuration list for PBXNativeTarget "Muti-ThreadTests" */;
			buildPhases = (
				824343451DAA170300E841FD /* Sources */,
				824343461DAA170300E841FD /* Frameworks */,
				824343471DAA170300E841FD /* Resources */,
			);
			buildRules = (
			);
			dependencies = (
				8243434B1DAA170300E841FD /* PBXTargetDependency */,
			);
			name = "Muti-ThreadTests";
			productName = "Muti-ThreadTests";
			productReference = 824343491DAA170300E841FD /* Muti-ThreadTests.xctest */;
			productType = "com.apple.product-type.bundle.unit-test";
		};
		824343531DAA170300E841FD /* Muti-ThreadUITests */ = {
			isa = PBXNativeTarget;
			buildConfigurationList = 824343631DAA170300E841FD /* Build configuration list for PBXNativeTarget "Muti-ThreadUITests" */;
			buildPhases = (
				824343501DAA170300E841FD /* Sources */,
				824343511DAA170300E841FD /* Frameworks */,
				824343521DAA170300E841FD /* Resources */,
			);
			buildRules = (
			);
			dependencies = (
				824343561DAA170300E841FD /* PBXTargetDependency */,
			);
			name = "Muti-ThreadUITests";
			productName = "Muti-ThreadUITests";
			productReference = 824343541DAA170300E841FD /* Muti-ThreadUITests.xctest */;
			productType = "com.apple.product-type.bundle.ui-testing";
		};
/* End PBXNativeTarget section */

/* Begin PBXProject section */
		824343281DAA170300E841FD /* Project object */ = {
			isa = PBXProject;
			attributes = {
				LastUpgradeCheck = 0730;
				ORGANIZATIONNAME = snow;
				TargetAttributes = {
					8243432F1DAA170300E841FD = {
						CreatedOnToolsVersion = 7.3;
					};
					824343481DAA170300E841FD = {
						CreatedOnToolsVersion = 7.3;
						TestTargetID = 8243432F1DAA170300E841FD;
					};
					824343531DAA170300E841FD = {
						CreatedOnToolsVersion = 7.3;
						TestTargetID = 8243432F1DAA170300E841FD;
					};
				};
			};
			buildConfigurationList = 8243432B1DAA170300E841FD /* Build configuration list for PBXProject "Muti-Thread" */;
			compatibilityVersion = "Xcode 3.2";
			developmentRegion = English;
			hasScannedForEncodings = 0;
			knownRegions = (
				en,
				Base,
			);
			mainGroup = 824343271DAA170300E841FD;
			productRefGroup = 824343311DAA170300E841FD /* Products */;
			projectDirPath = "";
			projectRoot = "";
			targets = (
				8243432F1DAA170300E841FD /* Muti-Thread */,
				824343481DAA170300E841FD /* Muti-ThreadTests */,
				824343531DAA170300E841FD /* Muti-ThreadUITests */,
			);
		};
/* End PBXProject section */

/* Begin PBXResourcesBuildPhase section */
		8243432E1DAA170300E841FD /* Resources */ = {
			isa = PBXResourcesBuildPhase;
			buildActionMask = 2147483647;
			files = (
				824343431DAA170300E841FD /* LaunchScreen.storyboard in Resources */,
				824343401DAA170300E841FD /* Assets.xcassets in Resources */,
				8243433E1DAA170300E841FD /* Main.storyboard in Resources */,
			);
			runOnlyForDeploymentPostprocessing = 0;
		};
		824343471DAA170300E841FD /* Resources */ = {
			isa = PBXResourcesBuildPhase;
			buildActionMask = 2147483647;
			files = (
			);
			runOnlyForDeploymentPostprocessing = 0;
		};
		824343521DAA170300E841FD /* Resources */ = {
			isa = PBXResourcesBuildPhase;
			buildActionMask = 2147483647;
			files = (
			);
			runOnlyForDeploymentPostprocessing = 0;
		};
/* End PBXResourcesBuildPhase section */

/* Begin PBXSourcesBuildPhase section */
		8243432C1DAA170300E841FD /* Sources */ = {
			isa = PBXSourcesBuildPhase;
			buildActionMask = 2147483647;
			files = (
				8246FF801DAA40730032EDC2 /* UIView+Toast.m in Sources */,
				8246FF781DAA382D0032EDC2 /* LoadImageOperation.m in Sources */,
				8243433B1DAA170300E841FD /* ViewController.m in Sources */,
				8246FF751DAA307D0032EDC2 /* NSOperationLoadviewController.m in Sources */,
				8246FF6D1DAA20DD0032EDC2 /* PthreadLoadViewController.m in Sources */,
				824343381DAA170300E841FD /* AppDelegate.m in Sources */,
				8246FF711DAA26AB0032EDC2 /* NSThreadLoadViewController.m in Sources */,
				82027E341DB8680F0008AD6D /* TestPatchAndThreadViewController.m in Sources */,
				824343351DAA170300E841FD /* main.m in Sources */,
				8246FF7C1DAA3DA10032EDC2 /* GCDLoadViewController.m in Sources */,
			);
			runOnlyForDeploymentPostprocessing = 0;
		};
		824343451DAA170300E841FD /* Sources */ = {
			isa = PBXSourcesBuildPhase;
			buildActionMask = 2147483647;
			files = (
				8243434E1DAA170300E841FD /* Muti_ThreadTests.m in Sources */,
			);
			runOnlyForDeploymentPostprocessing = 0;
		};
		824343501DAA170300E841FD /* Sources */ = {
			isa = PBXSourcesBuildPhase;
			buildActionMask = 2147483647;
			files = (
				824343591DAA170300E841FD /* Muti_ThreadUITests.m in Sources */,
			);
			runOnlyForDeploymentPostprocessing = 0;
		};
/* End PBXSourcesBuildPhase section */

/* Begin PBXTargetDependency section */
		8243434B1DAA170300E841FD /* PBXTargetDependency */ = {
			isa = PBXTargetDependency;
			target = 8243432F1DAA170300E841FD /* Muti-Thread */;
			targetProxy = 8243434A1DAA170300E841FD /* PBXContainerItemProxy */;
		};
		824343561DAA170300E841FD /* PBXTargetDependency */ = {
			isa = PBXTargetDependency;
			target = 8243432F1DAA170300E841FD /* Muti-Thread */;
			targetProxy = 824343551DAA170300E841FD /* PBXContainerItemProxy */;
		};
/* End PBXTargetDependency section */

/* Begin PBXVariantGroup section */
		8243433C1DAA170300E841FD /* Main.storyboard */ = {
			isa = PBXVariantGroup;
			children = (
				8243433D1DAA170300E841FD /* Base */,
			);
			name = Main.storyboard;
			sourceTree = "<group>";
		};
		824343411DAA170300E841FD /* LaunchScreen.storyboard */ = {
			isa = PBXVariantGroup;
			children = (
				824343421DAA170300E841FD /* Base */,
			);
			name = LaunchScreen.storyboard;
			sourceTree = "<group>";
		};
/* End PBXVariantGroup section */

/* Begin XCBuildConfiguration section */
		8243435B1DAA170300E841FD /* Debug */ = {
			isa = XCBuildConfiguration;
			buildSettings = {
				ALWAYS_SEARCH_USER_PATHS = NO;
				CLANG_ANALYZER_NONNULL = YES;
				CLANG_CXX_LANGUAGE_STANDARD = "gnu++0x";
				CLANG_CXX_LIBRARY = "libc++";
				CLANG_ENABLE_MODULES = YES;
				CLANG_ENABLE_OBJC_ARC = YES;
				CLANG_WARN_BOOL_CONVERSION = YES;
				CLANG_WARN_CONSTANT_CONVERSION = YES;
				CLANG_WARN_DIRECT_OBJC_ISA_USAGE = YES_ERROR;
				CLANG_WARN_EMPTY_BODY = YES;
				CLANG_WARN_ENUM_CONVERSION = YES;
				CLANG_WARN_INT_CONVERSION = YES;
				CLANG_WARN_OBJC_ROOT_CLASS = YES_ERROR;
				CLANG_WARN_UNREACHABLE_CODE = YES;
				CLANG_WARN__DUPLICATE_METHOD_MATCH = YES;
				"CODE_SIGN_IDENTITY[sdk=iphoneos*]" = "iPhone Developer";
				COPY_PHASE_STRIP = NO;
				DEBUG_INFORMATION_FORMAT = dwarf;
				ENABLE_STRICT_OBJC_MSGSEND = YES;
				ENABLE_TESTABILITY = YES;
				GCC_C_LANGUAGE_STANDARD = gnu99;
				GCC_DYNAMIC_NO_PIC = NO;
				GCC_NO_COMMON_BLOCKS = YES;
				GCC_OPTIMIZATION_LEVEL = 0;
				GCC_PREPROCESSOR_DEFINITIONS = (
					"DEBUG=1",
					"$(inherited)",
				);
				GCC_WARN_64_TO_32_BIT_CONVERSION = YES;
				GCC_WARN_ABOUT_RETURN_TYPE = YES_ERROR;
				GCC_WARN_UNDECLARED_SELECTOR = YES;
				GCC_WARN_UNINITIALIZED_AUTOS = YES_AGGRESSIVE;
				GCC_WARN_UNUSED_FUNCTION = YES;
				GCC_WARN_UNUSED_VARIABLE = YES;
				IPHONEOS_DEPLOYMENT_TARGET = 9.3;
				MTL_ENABLE_DEBUG_INFO = YES;
				ONLY_ACTIVE_ARCH = YES;
				SDKROOT = iphoneos;
			};
			name = Debug;
		};
		8243435C1DAA170300E841FD /* Release */ = {
			isa = XCBuildConfiguration;
			buildSettings = {
				ALWAYS_SEARCH_USER_PATHS = NO;
				CLANG_ANALYZER_NONNULL = YES;
				CLANG_CXX_LANGUAGE_STANDARD = "gnu++0x";
				CLANG_CXX_LIBRARY = "libc++";
				CLANG_ENABLE_MODULES = YES;
				CLANG_ENABLE_OBJC_ARC = YES;
				CLANG_WARN_BOOL_CONVERSION = YES;
				CLANG_WARN_CONSTANT_CONVERSION = YES;
				CLANG_WARN_DIRECT_OBJC_ISA_USAGE = YES_ERROR;
				CLANG_WARN_EMPTY_BODY = YES;
				CLANG_WARN_ENUM_CONVERSION = YES;
				CLANG_WARN_INT_CONVERSION = YES;
				CLANG_WARN_OBJC_ROOT_CLASS = YES_ERROR;
				CLANG_WARN_UNREACHABLE_CODE = YES;
				CLANG_WARN__DUPLICATE_METHOD_MATCH = YES;
				"CODE_SIGN_IDENTITY[sdk=iphoneos*]" = "iPhone Developer";
				COPY_PHASE_STRIP = NO;
				DEBUG_INFORMATION_FORMAT = "dwarf-with-dsym";
				ENABLE_NS_ASSERTIONS = NO;
				ENABLE_STRICT_OBJC_MSGSEND = YES;
				GCC_C_LANGUAGE_STANDARD = gnu99;
				GCC_NO_COMMON_BLOCKS = YES;
				GCC_WARN_64_TO_32_BIT_CONVERSION = YES;
				GCC_WARN_ABOUT_RETURN_TYPE = YES_ERROR;
				GCC_WARN_UNDECLARED_SELECTOR = YES;
				GCC_WARN_UNINITIALIZED_AUTOS = YES_AGGRESSIVE;
				GCC_WARN_UNUSED_FUNCTION = YES;
				GCC_WARN_UNUSED_VARIABLE = YES;
				IPHONEOS_DEPLOYMENT_TARGET = 9.3;
				MTL_ENABLE_DEBUG_INFO = NO;
				SDKROOT = iphoneos;
				VALIDATE_PRODUCT = YES;
			};
			name = Release;
		};
		8243435E1DAA170300E841FD /* Debug */ = {
			isa = XCBuildConfiguration;
			buildSettings = {
				ASSETCATALOG_COMPILER_APPICON_NAME = AppIcon;
				INFOPLIST_FILE = "Muti-Thread/Info.plist";
				LD_RUNPATH_SEARCH_PATHS = "$(inherited) @executable_path/Frameworks";
				PRODUCT_BUNDLE_IDENTIFIER = "com.snow.Muti-Thread";
				PRODUCT_NAME = "$(TARGET_NAME)";
			};
			name = Debug;
		};
		8243435F1DAA170300E841FD /* Release */ = {
			isa = XCBuildConfiguration;
			buildSettings = {
				ASSETCATALOG_COMPILER_APPICON_NAME = AppIcon;
				INFOPLIST_FILE = "Muti-Thread/Info.plist";
				LD_RUNPATH_SEARCH_PATHS = "$(inherited) @executable_path/Frameworks";
				PRODUCT_BUNDLE_IDENTIFIER = "com.snow.Muti-Thread";
				PRODUCT_NAME = "$(TARGET_NAME)";
			};
			name = Release;
		};
		824343611DAA170300E841FD /* Debug */ = {
			isa = XCBuildConfiguration;
			buildSettings = {
				BUNDLE_LOADER = "$(TEST_HOST)";
				INFOPLIST_FILE = "Muti-ThreadTests/Info.plist";
				LD_RUNPATH_SEARCH_PATHS = "$(inherited) @executable_path/Frameworks @loader_path/Frameworks";
				PRODUCT_BUNDLE_IDENTIFIER = "com.snow.Muti-ThreadTests";
				PRODUCT_NAME = "$(TARGET_NAME)";
				TEST_HOST = "$(BUILT_PRODUCTS_DIR)/Muti-Thread.app/Muti-Thread";
			};
			name = Debug;
		};
		824343621DAA170300E841FD /* Release */ = {
			isa = XCBuildConfiguration;
			buildSettings = {
				BUNDLE_LOADER = "$(TEST_HOST)";
				INFOPLIST_FILE = "Muti-ThreadTests/Info.plist";
				LD_RUNPATH_SEARCH_PATHS = "$(inherited) @executable_path/Frameworks @loader_path/Frameworks";
				PRODUCT_BUNDLE_IDENTIFIER = "com.snow.Muti-ThreadTests";
				PRODUCT_NAME = "$(TARGET_NAME)";
				TEST_HOST = "$(BUILT_PRODUCTS_DIR)/Muti-Thread.app/Muti-Thread";
			};
			name = Release;
		};
		824343641DAA170300E841FD /* Debug */ = {
			isa = XCBuildConfiguration;
			buildSettings = {
				INFOPLIST_FILE = "Muti-ThreadUITests/Info.plist";
				LD_RUNPATH_SEARCH_PATHS = "$(inherited) @executable_path/Frameworks @loader_path/Frameworks";
				PRODUCT_BUNDLE_IDENTIFIER = "com.snow.Muti-ThreadUITests";
				PRODUCT_NAME = "$(TARGET_NAME)";
				TEST_TARGET_NAME = "Muti-Thread";
			};
			name = Debug;
		};
		824343651DAA170300E841FD /* Release */ = {
			isa = XCBuildConfiguration;
			buildSettings = {
				INFOPLIST_FILE = "Muti-ThreadUITests/Info.plist";
				LD_RUNPATH_SEARCH_PATHS = "$(inherited) @executable_path/Frameworks @loader_path/Frameworks";
				PRODUCT_BUNDLE_IDENTIFIER = "com.snow.Muti-ThreadUITests";
				PRODUCT_NAME = "$(TARGET_NAME)";
				TEST_TARGET_NAME = "Muti-Thread";
			};
			name = Release;
		};
/* End XCBuildConfiguration section */

/* Begin XCConfigurationList section */
		8243432B1DAA170300E841FD /* Build configuration list for PBXProject "Muti-Thread" */ = {
			isa = XCConfigurationList;
			buildConfigurations = (
				8243435B1DAA170300E841FD /* Debug */,
				8243435C1DAA170300E841FD /* Release */,
			);
			defaultConfigurationIsVisible = 0;
			defaultConfigurationName = Release;
		};
		8243435D1DAA170300E841FD /* Build configuration list for PBXNativeTarget "Muti-Thread" */ = {
			isa = XCConfigurationList;
			buildConfigurations = (
				8243435E1DAA170300E841FD /* Debug */,
				8243435F1DAA170300E841FD /* Release */,
			);
			defaultConfigurationIsVisible = 0;
			defaultConfigurationName = Release;
		};
		824343601DAA170300E841FD /* Build configuration list for PBXNativeTarget "Muti-ThreadTests" */ = {
			isa = XCConfigurationList;
			buildConfigurations = (
				824343611DAA170300E841FD /* Debug */,
				824343621DAA170300E841FD /* Release */,
			);
			defaultConfigurationIsVisible = 0;
			defaultConfigurationName = Release;
		};
		824343631DAA170300E841FD /* Build configuration list for PBXNativeTarget "Muti-ThreadUITests" */ = {
			isa = XCConfigurationList;
			buildConfigurations = (
				824343641DAA170300E841FD /* Debug */,
				824343651DAA170300E841FD /* Release */,
			);
			defaultConfigurationIsVisible = 0;
			defaultConfigurationName = Release;
		};
/* End XCConfigurationList section */
	};
	rootObject = 824343281DAA170300E841FD /* Project object */;
}
