// !$*UTF8*$!
{
	archiveVersion = 1;
	classes = {
	};
	objectVersion = 46;
	objects = {

/* Begin PBXBuildFile section */
		8251E2A81DE6CC1A004D05C4 /* main.m in Sources */ = {isa = PBXBuildFile; fileRef = 8251E2A71DE6CC1A004D05C4 /* main.m */; };
		8251E2AB1DE6CC1A004D05C4 /* AppDelegate.m in Sources */ = {isa = PBXBuildFile; fileRef = 8251E2AA1DE6CC1A004D05C4 /* AppDelegate.m */; };
		8251E2AE1DE6CC1A004D05C4 /* ViewController.m in Sources */ = {isa = PBXBuildFile; fileRef = 8251E2AD1DE6CC1A004D05C4 /* ViewController.m */; };
		8251E2B11DE6CC1A004D05C4 /* Main.storyboard in Resources */ = {isa = PBXBuildFile; fileRef = 8251E2AF1DE6CC1A004D05C4 /* Main.storyboard */; };
		8251E2B31DE6CC1A004D05C4 /* Assets.xcassets in Resources */ = {isa = PBXBuildFile; fileRef = 8251E2B21DE6CC1A004D05C4 /* Assets.xcassets */; };
		8251E2B61DE6CC1A004D05C4 /* LaunchScreen.storyboard in Resources */ = {isa = PBXBuildFile; fileRef = 8251E2B41DE6CC1A004D05C4 /* LaunchScreen.storyboard */; };
		8251E2C11DE6CC1A004D05C4 /* KRVideoPlayerTests.m in Sources */ = {isa = PBXBuildFile; fileRef = 8251E2C01DE6CC1A004D05C4 /* KRVideoPlayerTests.m */; };
		8251E2CC1DE6CC1A004D05C4 /* KRVideoPlayerUITests.m in Sources */ = {isa = PBXBuildFile; fileRef = 8251E2CB1DE6CC1A004D05C4 /* KRVideoPlayerUITests.m */; };
		82D35C541DE6DDC8003C41D0 /* 150511_JiveBike.mov in Resources */ = {isa = PBXBuildFile; fileRef = 82D35C531DE6DDC8003C41D0 /* 150511_JiveBike.mov */; };
		BD32A88F207B043597EAEEC3 /* libPods-KRVideoPlayer.a in Frameworks */ = {isa = PBXBuildFile; fileRef = D18045F617B54BABF4F4AB97 /* libPods-KRVideoPlayer.a */; };
/* End PBXBuildFile section */

/* Begin PBXContainerItemProxy section */
		8251E2BD1DE6CC1A004D05C4 /* PBXContainerItemProxy */ = {
			isa = PBXContainerItemProxy;
			containerPortal = 8251E29B1DE6CC1A004D05C4 /* Project object */;
			proxyType = 1;
			remoteGlobalIDString = 8251E2A21DE6CC1A004D05C4;
			remoteInfo = KRVideoPlayer;
		};
		8251E2C81DE6CC1A004D05C4 /* PBXContainerItemProxy */ = {
			isa = PBXContainerItemProxy;
			containerPortal = 8251E29B1DE6CC1A004D05C4 /* Project object */;
			proxyType = 1;
			remoteGlobalIDString = 8251E2A21DE6CC1A004D05C4;
			remoteInfo = KRVideoPlayer;
		};
/* End PBXContainerItemProxy section */

/* Begin PBXFileReference section */
		0C1EDBC0BE38B49EBD33E0A6 /* Pods-KRVideoPlayer.release.xcconfig */ = {isa = PBXFileReference; includeInIndex = 1; lastKnownFileType = text.xcconfig; name = "Pods-KRVideoPlayer.release.xcconfig"; path = "Pods/Target Support Files/Pods-KRVideoPlayer/Pods-KRVideoPlayer.release.xcconfig"; sourceTree = "<group>"; };
		8251E2A31DE6CC1A004D05C4 /* KRVideoPlayer.app */ = {isa = PBXFileReference; explicitFileType = wrapper.application; includeInIndex = 0; path = KRVideoPlayer.app; sourceTree = BUILT_PRODUCTS_DIR; };
		8251E2A71DE6CC1A004D05C4 /* main.m */ = {isa = PBXFileReference; lastKnownFileType = sourcecode.c.objc; path = main.m; sourceTree = "<group>"; };
		8251E2A91DE6CC1A004D05C4 /* AppDelegate.h */ = {isa = PBXFileReference; lastKnownFileType = sourcecode.c.h; path = AppDelegate.h; sourceTree = "<group>"; };
		8251E2AA1DE6CC1A004D05C4 /* AppDelegate.m */ = {isa = PBXFileReference; lastKnownFileType = sourcecode.c.objc; path = AppDelegate.m; sourceTree = "<group>"; };
		8251E2AC1DE6CC1A004D05C4 /* ViewController.h */ = {isa = PBXFileReference; lastKnownFileType = sourcecode.c.h; path = ViewController.h; sourceTree = "<group>"; };
		8251E2AD1DE6CC1A004D05C4 /* ViewController.m */ = {isa = PBXFileReference; lastKnownFileType = sourcecode.c.objc; path = ViewController.m; sourceTree = "<group>"; };
		8251E2B01DE6CC1A004D05C4 /* Base */ = {isa = PBXFileReference; lastKnownFileType = file.storyboard; name = Base; path = Base.lproj/Main.storyboard; sourceTree = "<group>"; };
		8251E2B21DE6CC1A004D05C4 /* Assets.xcassets */ = {isa = PBXFileReference; lastKnownFileType = folder.assetcatalog; path = Assets.xcassets; sourceTree = "<group>"; };
		8251E2B51DE6CC1A004D05C4 /* Base */ = {isa = PBXFileReference; lastKnownFileType = file.storyboard; name = Base; path = Base.lproj/LaunchScreen.storyboard; sourceTree = "<group>"; };
		8251E2B71DE6CC1A004D05C4 /* Info.plist */ = {isa = PBXFileReference; lastKnownFileType = text.plist.xml; path = Info.plist; sourceTree = "<group>"; };
		8251E2BC1DE6CC1A004D05C4 /* KRVideoPlayerTests.xctest */ = {isa = PBXFileReference; explicitFileType = wrapper.cfbundle; includeInIndex = 0; path = KRVideoPlayerTests.xctest; sourceTree = BUILT_PRODUCTS_DIR; };
		8251E2C01DE6CC1A004D05C4 /* KRVideoPlayerTests.m */ = {isa = PBXFileReference; lastKnownFileType = sourcecode.c.objc; path = KRVideoPlayerTests.m; sourceTree = "<group>"; };
		8251E2C21DE6CC1A004D05C4 /* Info.plist */ = {isa = PBXFileReference; lastKnownFileType = text.plist.xml; path = Info.plist; sourceTree = "<group>"; };
		8251E2C71DE6CC1A004D05C4 /* KRVideoPlayerUITests.xctest */ = {isa = PBXFileReference; explicitFileType = wrapper.cfbundle; includeInIndex = 0; path = KRVideoPlayerUITests.xctest; sourceTree = BUILT_PRODUCTS_DIR; };
		8251E2CB1DE6CC1A004D05C4 /* KRVideoPlayerUITests.m */ = {isa = PBXFileReference; lastKnownFileType = sourcecode.c.objc; path = KRVideoPlayerUITests.m; sourceTree = "<group>"; };
		8251E2CD1DE6CC1A004D05C4 /* Info.plist */ = {isa = PBXFileReference; lastKnownFileType = text.plist.xml; path = Info.plist; sourceTree = "<group>"; };
		82D35C531DE6DDC8003C41D0 /* 150511_JiveBike.mov */ = {isa = PBXFileReference; lastKnownFileType = video.quicktime; path = 150511_JiveBike.mov; sourceTree = "<group>"; };
		A1FE06C4C91F93DE39961E44 /* Pods-KRVideoPlayer.debug.xcconfig */ = {isa = PBXFileReference; includeInIndex = 1; lastKnownFileType = text.xcconfig; name = "Pods-KRVideoPlayer.debug.xcconfig"; path = "Pods/Target Support Files/Pods-KRVideoPlayer/Pods-KRVideoPlayer.debug.xcconfig"; sourceTree = "<group>"; };
		D18045F617B54BABF4F4AB97 /* libPods-KRVideoPlayer.a */ = {isa = PBXFileReference; explicitFileType = archive.ar; includeInIndex = 0; path = "libPods-KRVideoPlayer.a"; sourceTree = BUILT_PRODUCTS_DIR; };
/* End PBXFileReference section */

/* Begin PBXFrameworksBuildPhase section */
		8251E2A01DE6CC1A004D05C4 /* Frameworks */ = {
			isa = PBXFrameworksBuildPhase;
			buildActionMask = 2147483647;
			files = (
				BD32A88F207B043597EAEEC3 /* libPods-KRVideoPlayer.a in Frameworks */,
			);
			runOnlyForDeploymentPostprocessing = 0;
		};
		8251E2B91DE6CC1A004D05C4 /* Frameworks */ = {
			isa = PBXFrameworksBuildPhase;
			buildActionMask = 2147483647;
			files = (
			);
			runOnlyForDeploymentPostprocessing = 0;
		};
		8251E2C41DE6CC1A004D05C4 /* Frameworks */ = {
			isa = PBXFrameworksBuildPhase;
			buildActionMask = 2147483647;
			files = (
			);
			runOnlyForDeploymentPostprocessing = 0;
		};
/* End PBXFrameworksBuildPhase section */

/* Begin PBXGroup section */
		605E25312E6A66C6E19F5A79 /* Frameworks */ = {
			isa = PBXGroup;
			children = (
				D18045F617B54BABF4F4AB97 /* libPods-KRVideoPlayer.a */,
			);
			name = Frameworks;
			sourceTree = "<group>";
		};
		8251E29A1DE6CC1A004D05C4 = {
			isa = PBXGroup;
			children = (
				8251E2A51DE6CC1A004D05C4 /* KRVideoPlayer */,
				8251E2BF1DE6CC1A004D05C4 /* KRVideoPlayerTests */,
				8251E2CA1DE6CC1A004D05C4 /* KRVideoPlayerUITests */,
				8251E2A41DE6CC1A004D05C4 /* Products */,
				A0A6BDFA9D71F95C345FF8D3 /* Pods */,
				605E25312E6A66C6E19F5A79 /* Frameworks */,
			);
			sourceTree = "<group>";
		};
		8251E2A41DE6CC1A004D05C4 /* Products */ = {
			isa = PBXGroup;
			children = (
				8251E2A31DE6CC1A004D05C4 /* KRVideoPlayer.app */,
				8251E2BC1DE6CC1A004D05C4 /* KRVideoPlayerTests.xctest */,
				8251E2C71DE6CC1A004D05C4 /* KRVideoPlayerUITests.xctest */,
			);
			name = Products;
			sourceTree = "<group>";
		};
		8251E2A51DE6CC1A004D05C4 /* KRVideoPlayer */ = {
			isa = PBXGroup;
			children = (
				8251E2A91DE6CC1A004D05C4 /* AppDelegate.h */,
				8251E2AA1DE6CC1A004D05C4 /* AppDelegate.m */,
				8251E2AC1DE6CC1A004D05C4 /* ViewController.h */,
				8251E2AD1DE6CC1A004D05C4 /* ViewController.m */,
				8251E2AF1DE6CC1A004D05C4 /* Main.storyboard */,
				8251E2B21DE6CC1A004D05C4 /* Assets.xcassets */,
				8251E2B41DE6CC1A004D05C4 /* LaunchScreen.storyboard */,
				8251E2B71DE6CC1A004D05C4 /* Info.plist */,
				8251E2A61DE6CC1A004D05C4 /* Supporting Files */,
			);
			path = KRVideoPlayer;
			sourceTree = "<group>";
		};
		8251E2A61DE6CC1A004D05C4 /* Supporting Files */ = {
			isa = PBXGroup;
			children = (
				82D35C531DE6DDC8003C41D0 /* 150511_JiveBike.mov */,
				8251E2A71DE6CC1A004D05C4 /* main.m */,
			);
			name = "Supporting Files";
			sourceTree = "<group>";
		};
		8251E2BF1DE6CC1A004D05C4 /* KRVideoPlayerTests */ = {
			isa = PBXGroup;
			children = (
				8251E2C01DE6CC1A004D05C4 /* KRVideoPlayerTests.m */,
				8251E2C21DE6CC1A004D05C4 /* Info.plist */,
			);
			path = KRVideoPlayerTests;
			sourceTree = "<group>";
		};
		8251E2CA1DE6CC1A004D05C4 /* KRVideoPlayerUITests */ = {
			isa = PBXGroup;
			children = (
				8251E2CB1DE6CC1A004D05C4 /* KRVideoPlayerUITests.m */,
				8251E2CD1DE6CC1A004D05C4 /* Info.plist */,
			);
			path = KRVideoPlayerUITests;
			sourceTree = "<group>";
		};
		A0A6BDFA9D71F95C345FF8D3 /* Pods */ = {
			isa = PBXGroup;
			children = (
				A1FE06C4C91F93DE39961E44 /* Pods-KRVideoPlayer.debug.xcconfig */,
				0C1EDBC0BE38B49EBD33E0A6 /* Pods-KRVideoPlayer.release.xcconfig */,
			);
			name = Pods;
			sourceTree = "<group>";
		};
/* End PBXGroup section */

/* Begin PBXNativeTarget section */
		8251E2A21DE6CC1A004D05C4 /* KRVideoPlayer */ = {
			isa = PBXNativeTarget;
			buildConfigurationList = 8251E2D01DE6CC1A004D05C4 /* Build configuration list for PBXNativeTarget "KRVideoPlayer" */;
			buildPhases = (
				29312DF4D08B6B99B0D1B6F6 /* [CP] Check Pods Manifest.lock */,
				8251E29F1DE6CC1A004D05C4 /* Sources */,
				8251E2A01DE6CC1A004D05C4 /* Frameworks */,
				8251E2A11DE6CC1A004D05C4 /* Resources */,
				9CDD2B4B8D8AF2AA252778DE /* [CP] Embed Pods Frameworks */,
				B888A74EF2EBC1718BA41F43 /* [CP] Copy Pods Resources */,
			);
			buildRules = (
			);
			dependencies = (
			);
			name = KRVideoPlayer;
			productName = KRVideoPlayer;
			productReference = 8251E2A31DE6CC1A004D05C4 /* KRVideoPlayer.app */;
			productType = "com.apple.product-type.application";
		};
		8251E2BB1DE6CC1A004D05C4 /* KRVideoPlayerTests */ = {
			isa = PBXNativeTarget;
			buildConfigurationList = 8251E2D31DE6CC1A004D05C4 /* Build configuration list for PBXNativeTarget "KRVideoPlayerTests" */;
			buildPhases = (
				8251E2B81DE6CC1A004D05C4 /* Sources */,
				8251E2B91DE6CC1A004D05C4 /* Frameworks */,
				8251E2BA1DE6CC1A004D05C4 /* Resources */,
			);
			buildRules = (
			);
			dependencies = (
				8251E2BE1DE6CC1A004D05C4 /* PBXTargetDependency */,
			);
			name = KRVideoPlayerTests;
			productName = KRVideoPlayerTests;
			productReference = 8251E2BC1DE6CC1A004D05C4 /* KRVideoPlayerTests.xctest */;
			productType = "com.apple.product-type.bundle.unit-test";
		};
		8251E2C61DE6CC1A004D05C4 /* KRVideoPlayerUITests */ = {
			isa = PBXNativeTarget;
			buildConfigurationList = 8251E2D61DE6CC1A004D05C4 /* Build configuration list for PBXNativeTarget "KRVideoPlayerUITests" */;
			buildPhases = (
				8251E2C31DE6CC1A004D05C4 /* Sources */,
				8251E2C41DE6CC1A004D05C4 /* Frameworks */,
				8251E2C51DE6CC1A004D05C4 /* Resources */,
			);
			buildRules = (
			);
			dependencies = (
				8251E2C91DE6CC1A004D05C4 /* PBXTargetDependency */,
			);
			name = KRVideoPlayerUITests;
			productName = KRVideoPlayerUITests;
			productReference = 8251E2C71DE6CC1A004D05C4 /* KRVideoPlayerUITests.xctest */;
			productType = "com.apple.product-type.bundle.ui-testing";
		};
/* End PBXNativeTarget section */

/* Begin PBXProject section */
		8251E29B1DE6CC1A004D05C4 /* Project object */ = {
			isa = PBXProject;
			attributes = {
				LastUpgradeCheck = 0730;
				ORGANIZATIONNAME = snow;
				TargetAttributes = {
					8251E2A21DE6CC1A004D05C4 = {
						CreatedOnToolsVersion = 7.3;
					};
					8251E2BB1DE6CC1A004D05C4 = {
						CreatedOnToolsVersion = 7.3;
						TestTargetID = 8251E2A21DE6CC1A004D05C4;
					};
					8251E2C61DE6CC1A004D05C4 = {
						CreatedOnToolsVersion = 7.3;
						TestTargetID = 8251E2A21DE6CC1A004D05C4;
					};
				};
			};
			buildConfigurationList = 8251E29E1DE6CC1A004D05C4 /* Build configuration list for PBXProject "KRVideoPlayer" */;
			compatibilityVersion = "Xcode 3.2";
			developmentRegion = English;
			hasScannedForEncodings = 0;
			knownRegions = (
				en,
				Base,
			);
			mainGroup = 8251E29A1DE6CC1A004D05C4;
			productRefGroup = 8251E2A41DE6CC1A004D05C4 /* Products */;
			projectDirPath = "";
			projectRoot = "";
			targets = (
				8251E2A21DE6CC1A004D05C4 /* KRVideoPlayer */,
				8251E2BB1DE6CC1A004D05C4 /* KRVideoPlayerTests */,
				8251E2C61DE6CC1A004D05C4 /* KRVideoPlayerUITests */,
			);
		};
/* End PBXProject section */

/* Begin PBXResourcesBuildPhase section */
		8251E2A11DE6CC1A004D05C4 /* Resources */ = {
			isa = PBXResourcesBuildPhase;
			buildActionMask = 2147483647;
			files = (
				82D35C541DE6DDC8003C41D0 /* 150511_JiveBike.mov in Resources */,
				8251E2B61DE6CC1A004D05C4 /* LaunchScreen.storyboard in Resources */,
				8251E2B31DE6CC1A004D05C4 /* Assets.xcassets in Resources */,
				8251E2B11DE6CC1A004D05C4 /* Main.storyboard in Resources */,
			);
			runOnlyForDeploymentPostprocessing = 0;
		};
		8251E2BA1DE6CC1A004D05C4 /* Resources */ = {
			isa = PBXResourcesBuildPhase;
			buildActionMask = 2147483647;
			files = (
			);
			runOnlyForDeploymentPostprocessing = 0;
		};
		8251E2C51DE6CC1A004D05C4 /* Resources */ = {
			isa = PBXResourcesBuildPhase;
			buildActionMask = 2147483647;
			files = (
			);
			runOnlyForDeploymentPostprocessing = 0;
		};
/* End PBXResourcesBuildPhase section */

/* Begin PBXShellScriptBuildPhase section */
		29312DF4D08B6B99B0D1B6F6 /* [CP] Check Pods Manifest.lock */ = {
			isa = PBXShellScriptBuildPhase;
			buildActionMask = 2147483647;
			files = (
			);
			inputPaths = (
			);
			name = "[CP] Check Pods Manifest.lock";
			outputPaths = (
			);
			runOnlyForDeploymentPostprocessing = 0;
			shellPath = /bin/sh;
			shellScript = "diff \"${PODS_ROOT}/../Podfile.lock\" \"${PODS_ROOT}/Manifest.lock\" > /dev/null\nif [[ $? != 0 ]] ; then\n    cat << EOM\nerror: The sandbox is not in sync with the Podfile.lock. Run 'pod install' or update your CocoaPods installation.\nEOM\n    exit 1\nfi\n";
			showEnvVarsInLog = 0;
		};
		9CDD2B4B8D8AF2AA252778DE /* [CP] Embed Pods Frameworks */ = {
			isa = PBXShellScriptBuildPhase;
			buildActionMask = 2147483647;
			files = (
			);
			inputPaths = (
			);
			name = "[CP] Embed Pods Frameworks";
			outputPaths = (
			);
			runOnlyForDeploymentPostprocessing = 0;
			shellPath = /bin/sh;
			shellScript = "\"${SRCROOT}/Pods/Target Support Files/Pods-KRVideoPlayer/Pods-KRVideoPlayer-frameworks.sh\"\n";
			showEnvVarsInLog = 0;
		};
		B888A74EF2EBC1718BA41F43 /* [CP] Copy Pods Resources */ = {
			isa = PBXShellScriptBuildPhase;
			buildActionMask = 2147483647;
			files = (
			);
			inputPaths = (
			);
			name = "[CP] Copy Pods Resources";
			outputPaths = (
			);
			runOnlyForDeploymentPostprocessing = 0;
			shellPath = /bin/sh;
			shellScript = "\"${SRCROOT}/Pods/Target Support Files/Pods-KRVideoPlayer/Pods-KRVideoPlayer-resources.sh\"\n";
			showEnvVarsInLog = 0;
		};
/* End PBXShellScriptBuildPhase section */

/* Begin PBXSourcesBuildPhase section */
		8251E29F1DE6CC1A004D05C4 /* Sources */ = {
			isa = PBXSourcesBuildPhase;
			buildActionMask = 2147483647;
			files = (
				8251E2AE1DE6CC1A004D05C4 /* ViewController.m in Sources */,
				8251E2AB1DE6CC1A004D05C4 /* AppDelegate.m in Sources */,
				8251E2A81DE6CC1A004D05C4 /* main.m in Sources */,
			);
			runOnlyForDeploymentPostprocessing = 0;
		};
		8251E2B81DE6CC1A004D05C4 /* Sources */ = {
			isa = PBXSourcesBuildPhase;
			buildActionMask = 2147483647;
			files = (
				8251E2C11DE6CC1A004D05C4 /* KRVideoPlayerTests.m in Sources */,
			);
			runOnlyForDeploymentPostprocessing = 0;
		};
		8251E2C31DE6CC1A004D05C4 /* Sources */ = {
			isa = PBXSourcesBuildPhase;
			buildActionMask = 2147483647;
			files = (
				8251E2CC1DE6CC1A004D05C4 /* KRVideoPlayerUITests.m in Sources */,
			);
			runOnlyForDeploymentPostprocessing = 0;
		};
/* End PBXSourcesBuildPhase section */

/* Begin PBXTargetDependency section */
		8251E2BE1DE6CC1A004D05C4 /* PBXTargetDependency */ = {
			isa = PBXTargetDependency;
			target = 8251E2A21DE6CC1A004D05C4 /* KRVideoPlayer */;
			targetProxy = 8251E2BD1DE6CC1A004D05C4 /* PBXContainerItemProxy */;
		};
		8251E2C91DE6CC1A004D05C4 /* PBXTargetDependency */ = {
			isa = PBXTargetDependency;
			target = 8251E2A21DE6CC1A004D05C4 /* KRVideoPlayer */;
			targetProxy = 8251E2C81DE6CC1A004D05C4 /* PBXContainerItemProxy */;
		};
/* End PBXTargetDependency section */

/* Begin PBXVariantGroup section */
		8251E2AF1DE6CC1A004D05C4 /* Main.storyboard */ = {
			isa = PBXVariantGroup;
			children = (
				8251E2B01DE6CC1A004D05C4 /* Base */,
			);
			name = Main.storyboard;
			sourceTree = "<group>";
		};
		8251E2B41DE6CC1A004D05C4 /* LaunchScreen.storyboard */ = {
			isa = PBXVariantGroup;
			children = (
				8251E2B51DE6CC1A004D05C4 /* Base */,
			);
			name = LaunchScreen.storyboard;
			sourceTree = "<group>";
		};
/* End PBXVariantGroup section */

/* Begin XCBuildConfiguration section */
		8251E2CE1DE6CC1A004D05C4 /* Debug */ = {
			isa = XCBuildConfiguration;
			buildSettings = {
				ALWAYS_SEARCH_USER_PATHS = NO;
				CLANG_ANALYZER_NONNULL = YES;
				CLANG_CXX_LANGUAGE_STANDARD = "gnu++0x";
				CLANG_CXX_LIBRARY = "libc++";
				CLANG_ENABLE_MODULES = YES;
				CLANG_ENABLE_OBJC_ARC = YES;
				CLANG_WARN_BOOL_CONVERSION = YES;
				CLANG_WARN_CONSTANT_CONVERSION = YES;
				CLANG_WARN_DIRECT_OBJC_ISA_USAGE = YES_ERROR;
				CLANG_WARN_EMPTY_BODY = YES;
				CLANG_WARN_ENUM_CONVERSION = YES;
				CLANG_WARN_INT_CONVERSION = YES;
				CLANG_WARN_OBJC_ROOT_CLASS = YES_ERROR;
				CLANG_WARN_UNREACHABLE_CODE = YES;
				CLANG_WARN__DUPLICATE_METHOD_MATCH = YES;
				"CODE_SIGN_IDENTITY[sdk=iphoneos*]" = "iPhone Developer";
				COPY_PHASE_STRIP = NO;
				DEBUG_INFORMATION_FORMAT = dwarf;
				ENABLE_STRICT_OBJC_MSGSEND = YES;
				ENABLE_TESTABILITY = YES;
				GCC_C_LANGUAGE_STANDARD = gnu99;
				GCC_DYNAMIC_NO_PIC = NO;
				GCC_NO_COMMON_BLOCKS = YES;
				GCC_OPTIMIZATION_LEVEL = 0;
				GCC_PREPROCESSOR_DEFINITIONS = (
					"DEBUG=1",
					"$(inherited)",
				);
				GCC_WARN_64_TO_32_BIT_CONVERSION = YES;
				GCC_WARN_ABOUT_RETURN_TYPE = YES_ERROR;
				GCC_WARN_UNDECLARED_SELECTOR = YES;
				GCC_WARN_UNINITIALIZED_AUTOS = YES_AGGRESSIVE;
				GCC_WARN_UNUSED_FUNCTION = YES;
				GCC_WARN_UNUSED_VARIABLE = YES;
				IPHONEOS_DEPLOYMENT_TARGET = 9.3;
				MTL_ENABLE_DEBUG_INFO = YES;
				ONLY_ACTIVE_ARCH = YES;
				SDKROOT = iphoneos;
			};
			name = Debug;
		};
		8251E2CF1DE6CC1A004D05C4 /* Release */ = {
			isa = XCBuildConfiguration;
			buildSettings = {
				ALWAYS_SEARCH_USER_PATHS = NO;
				CLANG_ANALYZER_NONNULL = YES;
				CLANG_CXX_LANGUAGE_STANDARD = "gnu++0x";
				CLANG_CXX_LIBRARY = "libc++";
				CLANG_ENABLE_MODULES = YES;
				CLANG_ENABLE_OBJC_ARC = YES;
				CLANG_WARN_BOOL_CONVERSION = YES;
				CLANG_WARN_CONSTANT_CONVERSION = YES;
				CLANG_WARN_DIRECT_OBJC_ISA_USAGE = YES_ERROR;
				CLANG_WARN_EMPTY_BODY = YES;
				CLANG_WARN_ENUM_CONVERSION = YES;
				CLANG_WARN_INT_CONVERSION = YES;
				CLANG_WARN_OBJC_ROOT_CLASS = YES_ERROR;
				CLANG_WARN_UNREACHABLE_CODE = YES;
				CLANG_WARN__DUPLICATE_METHOD_MATCH = YES;
				"CODE_SIGN_IDENTITY[sdk=iphoneos*]" = "iPhone Developer";
				COPY_PHASE_STRIP = NO;
				DEBUG_INFORMATION_FORMAT = "dwarf-with-dsym";
				ENABLE_NS_ASSERTIONS = NO;
				ENABLE_STRICT_OBJC_MSGSEND = YES;
				GCC_C_LANGUAGE_STANDARD = gnu99;
				GCC_NO_COMMON_BLOCKS = YES;
				GCC_WARN_64_TO_32_BIT_CONVERSION = YES;
				GCC_WARN_ABOUT_RETURN_TYPE = YES_ERROR;
				GCC_WARN_UNDECLARED_SELECTOR = YES;
				GCC_WARN_UNINITIALIZED_AUTOS = YES_AGGRESSIVE;
				GCC_WARN_UNUSED_FUNCTION = YES;
				GCC_WARN_UNUSED_VARIABLE = YES;
				IPHONEOS_DEPLOYMENT_TARGET = 9.3;
				MTL_ENABLE_DEBUG_INFO = NO;
				SDKROOT = iphoneos;
				VALIDATE_PRODUCT = YES;
			};
			name = Release;
		};
		8251E2D11DE6CC1A004D05C4 /* Debug */ = {
			isa = XCBuildConfiguration;
			baseConfigurationReference = A1FE06C4C91F93DE39961E44 /* Pods-KRVideoPlayer.debug.xcconfig */;
			buildSettings = {
				ASSETCATALOG_COMPILER_APPICON_NAME = AppIcon;
				INFOPLIST_FILE = KRVideoPlayer/Info.plist;
				LD_RUNPATH_SEARCH_PATHS = "$(inherited) @executable_path/Frameworks";
				PRODUCT_BUNDLE_IDENTIFIER = com.snow.KRVideoPlayer;
				PRODUCT_NAME = "$(TARGET_NAME)";
			};
			name = Debug;
		};
		8251E2D21DE6CC1A004D05C4 /* Release */ = {
			isa = XCBuildConfiguration;
			baseConfigurationReference = 0C1EDBC0BE38B49EBD33E0A6 /* Pods-KRVideoPlayer.release.xcconfig */;
			buildSettings = {
				ASSETCATALOG_COMPILER_APPICON_NAME = AppIcon;
				INFOPLIST_FILE = KRVideoPlayer/Info.plist;
				LD_RUNPATH_SEARCH_PATHS = "$(inherited) @executable_path/Frameworks";
				PRODUCT_BUNDLE_IDENTIFIER = com.snow.KRVideoPlayer;
				PRODUCT_NAME = "$(TARGET_NAME)";
			};
			name = Release;
		};
		8251E2D41DE6CC1A004D05C4 /* Debug */ = {
			isa = XCBuildConfiguration;
			buildSettings = {
				BUNDLE_LOADER = "$(TEST_HOST)";
				INFOPLIST_FILE = KRVideoPlayerTests/Info.plist;
				LD_RUNPATH_SEARCH_PATHS = "$(inherited) @executable_path/Frameworks @loader_path/Frameworks";
				PRODUCT_BUNDLE_IDENTIFIER = com.snow.KRVideoPlayerTests;
				PRODUCT_NAME = "$(TARGET_NAME)";
				TEST_HOST = "$(BUILT_PRODUCTS_DIR)/KRVideoPlayer.app/KRVideoPlayer";
			};
			name = Debug;
		};
		8251E2D51DE6CC1A004D05C4 /* Release */ = {
			isa = XCBuildConfiguration;
			buildSettings = {
				BUNDLE_LOADER = "$(TEST_HOST)";
				INFOPLIST_FILE = KRVideoPlayerTests/Info.plist;
				LD_RUNPATH_SEARCH_PATHS = "$(inherited) @executable_path/Frameworks @loader_path/Frameworks";
				PRODUCT_BUNDLE_IDENTIFIER = com.snow.KRVideoPlayerTests;
				PRODUCT_NAME = "$(TARGET_NAME)";
				TEST_HOST = "$(BUILT_PRODUCTS_DIR)/KRVideoPlayer.app/KRVideoPlayer";
			};
			name = Release;
		};
		8251E2D71DE6CC1A004D05C4 /* Debug */ = {
			isa = XCBuildConfiguration;
			buildSettings = {
				INFOPLIST_FILE = KRVideoPlayerUITests/Info.plist;
				LD_RUNPATH_SEARCH_PATHS = "$(inherited) @executable_path/Frameworks @loader_path/Frameworks";
				PRODUCT_BUNDLE_IDENTIFIER = com.snow.KRVideoPlayerUITests;
				PRODUCT_NAME = "$(TARGET_NAME)";
				TEST_TARGET_NAME = KRVideoPlayer;
			};
			name = Debug;
		};
		8251E2D81DE6CC1A004D05C4 /* Release */ = {
			isa = XCBuildConfiguration;
			buildSettings = {
				INFOPLIST_FILE = KRVideoPlayerUITests/Info.plist;
				LD_RUNPATH_SEARCH_PATHS = "$(inherited) @executable_path/Frameworks @loader_path/Frameworks";
				PRODUCT_BUNDLE_IDENTIFIER = com.snow.KRVideoPlayerUITests;
				PRODUCT_NAME = "$(TARGET_NAME)";
				TEST_TARGET_NAME = KRVideoPlayer;
			};
			name = Release;
		};
/* End XCBuildConfiguration section */

/* Begin XCConfigurationList section */
		8251E29E1DE6CC1A004D05C4 /* Build configuration list for PBXProject "KRVideoPlayer" */ = {
			isa = XCConfigurationList;
			buildConfigurations = (
				8251E2CE1DE6CC1A004D05C4 /* Debug */,
				8251E2CF1DE6CC1A004D05C4 /* Release */,
			);
			defaultConfigurationIsVisible = 0;
			defaultConfigurationName = Release;
		};
		8251E2D01DE6CC1A004D05C4 /* Build configuration list for PBXNativeTarget "KRVideoPlayer" */ = {
			isa = XCConfigurationList;
			buildConfigurations = (
				8251E2D11DE6CC1A004D05C4 /* Debug */,
				8251E2D21DE6CC1A004D05C4 /* Release */,
			);
			defaultConfigurationIsVisible = 0;
			defaultConfigurationName = Release;
		};
		8251E2D31DE6CC1A004D05C4 /* Build configuration list for PBXNativeTarget "KRVideoPlayerTests" */ = {
			isa = XCConfigurationList;
			buildConfigurations = (
				8251E2D41DE6CC1A004D05C4 /* Debug */,
				8251E2D51DE6CC1A004D05C4 /* Release */,
			);
			defaultConfigurationIsVisible = 0;
			defaultConfigurationName = Release;
		};
		8251E2D61DE6CC1A004D05C4 /* Build configuration list for PBXNativeTarget "KRVideoPlayerUITests" */ = {
			isa = XCConfigurationList;
			buildConfigurations = (
				8251E2D71DE6CC1A004D05C4 /* Debug */,
				8251E2D81DE6CC1A004D05C4 /* Release */,
			);
			defaultConfigurationIsVisible = 0;
			defaultConfigurationName = Release;
		};
/* End XCConfigurationList section */
	};
	rootObject = 8251E29B1DE6CC1A004D05C4 /* Project object */;
}
